
Microsoft Visual Studio Solution File, Format Version 12.00
# Visual Studio Version 16
VisualStudioVersion = 16.0.30907.101
MinimumVisualStudioVersion = 10.0.40219.1
Project("{2150E333-8FDC-42A3-9474-1A3956D46DE8}") = "5.Cliente", "5.Cliente", "{3C9407A4-6551-452B-AEBC-9BCE73E95E5A}"
EndProject
Project("{FAE04EC0-301F-11D3-BF4B-00C04F79EFBC}") = "PeruMoney.WS.Cliente", "PeruMoney.WS.Cliente\PeruMoney.WS.Cliente.csproj", "{036AD5E5-85BC-4B70-B125-A91ED6156AD0}"
EndProject
Project("{2150E333-8FDC-42A3-9474-1A3956D46DE8}") = "7.Infraestructura", "7.Infraestructura", "{01569FB1-DB57-469B-8D25-AE3E5B090689}"
EndProject
Project("{9A19103F-16F7-4668-BE54-9A1E7A4F7556}") = "PeruMoney.WS.Herramienta", "PeruMoney.WS.Herramienta\PeruMoney.WS.Herramienta.csproj", "{D21A8ED0-F686-420F-9464-9D1E55DA48CF}"
EndProject
Project("{9A19103F-16F7-4668-BE54-9A1E7A4F7556}") = "PeruMoney.WS.Util", "PeruMoney.WS.Util\PeruMoney.WS.Util.csproj", "{D69F08AA-99DD-4CA4-90F9-A4571A41E0A7}"
EndProject
Project("{9A19103F-16F7-4668-BE54-9A1E7A4F7556}") = "PeruMoney.WS.Bloque.SqlServer", "PeruMoney.WS.Bloque.SqlServer\PeruMoney.WS.Bloque.SqlServer.csproj", "{22B7B756-C202-435F-8998-6D5D053F170E}"
EndProject
Project("{2150E333-8FDC-42A3-9474-1A3956D46DE8}") = "1.Modelo", "1.Modelo", "{BF33D5D9-BA61-419E-96C7-5F4F82CDFE48}"
EndProject
Project("{2150E333-8FDC-42A3-9474-1A3956D46DE8}") = "2.Repositorios", "2.Repositorios", "{1DCBA860-AFF7-4903-A961-2812955279B7}"
EndProject
Project("{2150E333-8FDC-42A3-9474-1A3956D46DE8}") = "3.Dominio", "3.Dominio", "{17036192-5E01-4D53-852D-36E330B5D2DC}"
EndProject
Project("{2150E333-8FDC-42A3-9474-1A3956D46DE8}") = "4.Servicios", "4.Servicios", "{360CAC9B-4EA2-464D-9FC1-700092537D18}"
EndProject
Project("{2150E333-8FDC-42A3-9474-1A3956D46DE8}") = "5.Pruebas", "5.Pruebas", "{5EF9E38B-AC93-4FAD-BD7F-63A1D52AF6E7}"
EndProject
Project("{9A19103F-16F7-4668-BE54-9A1E7A4F7556}") = "PeruMoney.WS.Pruebas", "PeruMoney.WS.Pruebas\PeruMoney.WS.Pruebas.csproj", "{0B68C811-CA97-44C4-A2DA-16E16400C6A0}"
EndProject
Project("{9A19103F-16F7-4668-BE54-9A1E7A4F7556}") = "PeruMoney.WS.Repositorio", "PeruMoney.WS.Repositorio\PeruMoney.WS.Repositorio.csproj", "{88AC8BB0-737C-4728-8DB7-AA14775E676F}"
EndProject
Project("{9A19103F-16F7-4668-BE54-9A1E7A4F7556}") = "PeruMoney.WS.Repositorio.Contrato", "PeruMoney.WS.Repositorio.Contrato\PeruMoney.WS.Repositorio.Contrato.csproj", "{AE766578-E9B1-419B-A317-C0BA3E3C4845}"
EndProject
Project("{9A19103F-16F7-4668-BE54-9A1E7A4F7556}") = "PeruMoney.WS.Dominio", "PeruMoney.WS.Dominio\PeruMoney.WS.Dominio.csproj", "{13520F34-01E7-4156-B33E-AC00B607E588}"
EndProject
Project("{9A19103F-16F7-4668-BE54-9A1E7A4F7556}") = "PeruMoney.WS.Dominio.Contrato", "PeruMoney.WS.Dominio.Contrato\PeruMoney.WS.Dominio.Contrato.csproj", "{6DD61611-6DDD-4B82-AF42-E664A023334E}"
EndProject
Project("{9A19103F-16F7-4668-BE54-9A1E7A4F7556}") = "PeruMoney.WS.Servicio", "PeruMoney.WS.Servicio\PeruMoney.WS.Servicio.csproj", "{8A645AC1-3C2D-44E5-AB9D-9F7F3707A7F7}"
EndProject
Project("{9A19103F-16F7-4668-BE54-9A1E7A4F7556}") = "PeruMoney.WS.Modelo", "PeruMoney.WS.Modelo\PeruMoney.WS.Modelo.csproj", "{BD21B87F-38D4-4472-A6B4-78E191C72895}"
EndProject
Global
	GlobalSection(SolutionConfigurationPlatforms) = preSolution
		Debug|Any CPU = Debug|Any CPU
		Release|Any CPU = Release|Any CPU
	EndGlobalSection
	GlobalSection(ProjectConfigurationPlatforms) = postSolution
		{036AD5E5-85BC-4B70-B125-A91ED6156AD0}.Debug|Any CPU.ActiveCfg = Debug|Any CPU
		{036AD5E5-85BC-4B70-B125-A91ED6156AD0}.Debug|Any CPU.Build.0 = Debug|Any CPU
		{036AD5E5-85BC-4B70-B125-A91ED6156AD0}.Release|Any CPU.ActiveCfg = Release|Any CPU
		{036AD5E5-85BC-4B70-B125-A91ED6156AD0}.Release|Any CPU.Build.0 = Release|Any CPU
		{D21A8ED0-F686-420F-9464-9D1E55DA48CF}.Debug|Any CPU.ActiveCfg = Debug|Any CPU
		{D21A8ED0-F686-420F-9464-9D1E55DA48CF}.Debug|Any CPU.Build.0 = Debug|Any CPU
		{D21A8ED0-F686-420F-9464-9D1E55DA48CF}.Release|Any CPU.ActiveCfg = Release|Any CPU
		{D21A8ED0-F686-420F-9464-9D1E55DA48CF}.Release|Any CPU.Build.0 = Release|Any CPU
		{D69F08AA-99DD-4CA4-90F9-A4571A41E0A7}.Debug|Any CPU.ActiveCfg = Debug|Any CPU
		{D69F08AA-99DD-4CA4-90F9-A4571A41E0A7}.Debug|Any CPU.Build.0 = Debug|Any CPU
		{D69F08AA-99DD-4CA4-90F9-A4571A41E0A7}.Release|Any CPU.ActiveCfg = Release|Any CPU
		{D69F08AA-99DD-4CA4-90F9-A4571A41E0A7}.Release|Any CPU.Build.0 = Release|Any CPU
		{22B7B756-C202-435F-8998-6D5D053F170E}.Debug|Any CPU.ActiveCfg = Debug|Any CPU
		{22B7B756-C202-435F-8998-6D5D053F170E}.Debug|Any CPU.Build.0 = Debug|Any CPU
		{22B7B756-C202-435F-8998-6D5D053F170E}.Release|Any CPU.ActiveCfg = Release|Any CPU
		{22B7B756-C202-435F-8998-6D5D053F170E}.Release|Any CPU.Build.0 = Release|Any CPU
		{0B68C811-CA97-44C4-A2DA-16E16400C6A0}.Debug|Any CPU.ActiveCfg = Debug|Any CPU
		{0B68C811-CA97-44C4-A2DA-16E16400C6A0}.Debug|Any CPU.Build.0 = Debug|Any CPU
		{0B68C811-CA97-44C4-A2DA-16E16400C6A0}.Release|Any CPU.ActiveCfg = Release|Any CPU
		{0B68C811-CA97-44C4-A2DA-16E16400C6A0}.Release|Any CPU.Build.0 = Release|Any CPU
		{88AC8BB0-737C-4728-8DB7-AA14775E676F}.Debug|Any CPU.ActiveCfg = Debug|Any CPU
		{88AC8BB0-737C-4728-8DB7-AA14775E676F}.Debug|Any CPU.Build.0 = Debug|Any CPU
		{88AC8BB0-737C-4728-8DB7-AA14775E676F}.Release|Any CPU.ActiveCfg = Release|Any CPU
		{88AC8BB0-737C-4728-8DB7-AA14775E676F}.Release|Any CPU.Build.0 = Release|Any CPU
		{AE766578-E9B1-419B-A317-C0BA3E3C4845}.Debug|Any CPU.ActiveCfg = Debug|Any CPU
		{AE766578-E9B1-419B-A317-C0BA3E3C4845}.Debug|Any CPU.Build.0 = Debug|Any CPU
		{AE766578-E9B1-419B-A317-C0BA3E3C4845}.Release|Any CPU.ActiveCfg = Release|Any CPU
		{AE766578-E9B1-419B-A317-C0BA3E3C4845}.Release|Any CPU.Build.0 = Release|Any CPU
		{13520F34-01E7-4156-B33E-AC00B607E588}.Debug|Any CPU.ActiveCfg = Debug|Any CPU
		{13520F34-01E7-4156-B33E-AC00B607E588}.Debug|Any CPU.Build.0 = Debug|Any CPU
		{13520F34-01E7-4156-B33E-AC00B607E588}.Release|Any CPU.ActiveCfg = Release|Any CPU
		{13520F34-01E7-4156-B33E-AC00B607E588}.Release|Any CPU.Build.0 = Release|Any CPU
		{6DD61611-6DDD-4B82-AF42-E664A023334E}.Debug|Any CPU.ActiveCfg = Debug|Any CPU
		{6DD61611-6DDD-4B82-AF42-E664A023334E}.Debug|Any CPU.Build.0 = Debug|Any CPU
		{6DD61611-6DDD-4B82-AF42-E664A023334E}.Release|Any CPU.ActiveCfg = Release|Any CPU
		{6DD61611-6DDD-4B82-AF42-E664A023334E}.Release|Any CPU.Build.0 = Release|Any CPU
		{8A645AC1-3C2D-44E5-AB9D-9F7F3707A7F7}.Debug|Any CPU.ActiveCfg = Debug|Any CPU
		{8A645AC1-3C2D-44E5-AB9D-9F7F3707A7F7}.Debug|Any CPU.Build.0 = Debug|Any CPU
		{8A645AC1-3C2D-44E5-AB9D-9F7F3707A7F7}.Release|Any CPU.ActiveCfg = Release|Any CPU
		{8A645AC1-3C2D-44E5-AB9D-9F7F3707A7F7}.Release|Any CPU.Build.0 = Release|Any CPU
		{BD21B87F-38D4-4472-A6B4-78E191C72895}.Debug|Any CPU.ActiveCfg = Debug|Any CPU
		{BD21B87F-38D4-4472-A6B4-78E191C72895}.Debug|Any CPU.Build.0 = Debug|Any CPU
		{BD21B87F-38D4-4472-A6B4-78E191C72895}.Release|Any CPU.ActiveCfg = Release|Any CPU
		{BD21B87F-38D4-4472-A6B4-78E191C72895}.Release|Any CPU.Build.0 = Release|Any CPU
	EndGlobalSection
	GlobalSection(SolutionProperties) = preSolution
		HideSolutionNode = FALSE
	EndGlobalSection
	GlobalSection(NestedProjects) = preSolution
		{036AD5E5-85BC-4B70-B125-A91ED6156AD0} = {3C9407A4-6551-452B-AEBC-9BCE73E95E5A}
		{D21A8ED0-F686-420F-9464-9D1E55DA48CF} = {01569FB1-DB57-469B-8D25-AE3E5B090689}
		{D69F08AA-99DD-4CA4-90F9-A4571A41E0A7} = {01569FB1-DB57-469B-8D25-AE3E5B090689}
		{22B7B756-C202-435F-8998-6D5D053F170E} = {01569FB1-DB57-469B-8D25-AE3E5B090689}
		{0B68C811-CA97-44C4-A2DA-16E16400C6A0} = {5EF9E38B-AC93-4FAD-BD7F-63A1D52AF6E7}
		{88AC8BB0-737C-4728-8DB7-AA14775E676F} = {1DCBA860-AFF7-4903-A961-2812955279B7}
		{AE766578-E9B1-419B-A317-C0BA3E3C4845} = {1DCBA860-AFF7-4903-A961-2812955279B7}
		{13520F34-01E7-4156-B33E-AC00B607E588} = {17036192-5E01-4D53-852D-36E330B5D2DC}
		{6DD61611-6DDD-4B82-AF42-E664A023334E} = {17036192-5E01-4D53-852D-36E330B5D2DC}
		{8A645AC1-3C2D-44E5-AB9D-9F7F3707A7F7} = {360CAC9B-4EA2-464D-9FC1-700092537D18}
		{BD21B87F-38D4-4472-A6B4-78E191C72895} = {BF33D5D9-BA61-419E-96C7-5F4F82CDFE48}
	EndGlobalSection
	GlobalSection(ExtensibilityGlobals) = postSolution
		SolutionGuid = {EFA1DC7D-4B09-4D30-AC0A-357AE9D7ECF5}
	EndGlobalSection
EndGlobal
